// !$*UTF8*$!
{
	archiveVersion = 1;
	classes = {
	};
	objectVersion = 56;
	objects = {

/* Begin PBXBuildFile section */
		43A284F22A97026A004A1A94 /* LoLBroApp.swift in Sources */ = {isa = PBXBuildFile; fileRef = 43A284F12A97026A004A1A94 /* LoLBroApp.swift */; };
		43A284F42A97026A004A1A94 /* ContentView.swift in Sources */ = {isa = PBXBuildFile; fileRef = 43A284F32A97026A004A1A94 /* ContentView.swift */; };
		43A284F62A97026C004A1A94 /* Assets.xcassets in Resources */ = {isa = PBXBuildFile; fileRef = 43A284F52A97026C004A1A94 /* Assets.xcassets */; };
		43A284F92A97026C004A1A94 /* Preview Assets.xcassets in Resources */ = {isa = PBXBuildFile; fileRef = 43A284F82A97026C004A1A94 /* Preview Assets.xcassets */; };
		43A285032A97026C004A1A94 /* LoLBroTests.swift in Sources */ = {isa = PBXBuildFile; fileRef = 43A285022A97026C004A1A94 /* LoLBroTests.swift */; };
		43A2850D2A97026C004A1A94 /* LoLBroUITests.swift in Sources */ = {isa = PBXBuildFile; fileRef = 43A2850C2A97026C004A1A94 /* LoLBroUITests.swift */; };
		43A2850F2A97026C004A1A94 /* LoLBroUITestsLaunchTests.swift in Sources */ = {isa = PBXBuildFile; fileRef = 43A2850E2A97026C004A1A94 /* LoLBroUITestsLaunchTests.swift */; };
		43A285222A970346004A1A94 /* ChampNameIDDictionary.swift in Sources */ = {isa = PBXBuildFile; fileRef = 43A2851F2A970346004A1A94 /* ChampNameIDDictionary.swift */; };
		43A285252A970350004A1A94 /* AbilityFormula.swift in Sources */ = {isa = PBXBuildFile; fileRef = 43A285242A970350004A1A94 /* AbilityFormula.swift */; };
		43A285282A9707DD004A1A94 /* LeagueAPI in Frameworks */ = {isa = PBXBuildFile; productRef = 43A285272A9707DD004A1A94 /* LeagueAPI */; };
/* End PBXBuildFile section */

/* Begin PBXContainerItemProxy section */
		43A284FF2A97026C004A1A94 /* PBXContainerItemProxy */ = {
			isa = PBXContainerItemProxy;
			containerPortal = 43A284E62A97026A004A1A94 /* Project object */;
			proxyType = 1;
			remoteGlobalIDString = 43A284ED2A97026A004A1A94;
			remoteInfo = LoLBro;
		};
		43A285092A97026C004A1A94 /* PBXContainerItemProxy */ = {
			isa = PBXContainerItemProxy;
			containerPortal = 43A284E62A97026A004A1A94 /* Project object */;
			proxyType = 1;
			remoteGlobalIDString = 43A284ED2A97026A004A1A94;
			remoteInfo = LoLBro;
		};
/* End PBXContainerItemProxy section */

/* Begin PBXFileReference section */
		43A284EE2A97026A004A1A94 /* LoLBro.app */ = {isa = PBXFileReference; explicitFileType = wrapper.application; includeInIndex = 0; path = LoLBro.app; sourceTree = BUILT_PRODUCTS_DIR; };
		43A284F12A97026A004A1A94 /* LoLBroApp.swift */ = {isa = PBXFileReference; lastKnownFileType = sourcecode.swift; path = LoLBroApp.swift; sourceTree = "<group>"; };
		43A284F32A97026A004A1A94 /* ContentView.swift */ = {isa = PBXFileReference; lastKnownFileType = sourcecode.swift; path = ContentView.swift; sourceTree = "<group>"; };
		43A284F52A97026C004A1A94 /* Assets.xcassets */ = {isa = PBXFileReference; lastKnownFileType = folder.assetcatalog; path = Assets.xcassets; sourceTree = "<group>"; };
		43A284F82A97026C004A1A94 /* Preview Assets.xcassets */ = {isa = PBXFileReference; lastKnownFileType = folder.assetcatalog; path = "Preview Assets.xcassets"; sourceTree = "<group>"; };
		43A284FE2A97026C004A1A94 /* LoLBroTests.xctest */ = {isa = PBXFileReference; explicitFileType = wrapper.cfbundle; includeInIndex = 0; path = LoLBroTests.xctest; sourceTree = BUILT_PRODUCTS_DIR; };
		43A285022A97026C004A1A94 /* LoLBroTests.swift */ = {isa = PBXFileReference; lastKnownFileType = sourcecode.swift; path = LoLBroTests.swift; sourceTree = "<group>"; };
		43A285082A97026C004A1A94 /* LoLBroUITests.xctest */ = {isa = PBXFileReference; explicitFileType = wrapper.cfbundle; includeInIndex = 0; path = LoLBroUITests.xctest; sourceTree = BUILT_PRODUCTS_DIR; };
		43A2850C2A97026C004A1A94 /* LoLBroUITests.swift */ = {isa = PBXFileReference; lastKnownFileType = sourcecode.swift; path = LoLBroUITests.swift; sourceTree = "<group>"; };
		43A2850E2A97026C004A1A94 /* LoLBroUITestsLaunchTests.swift */ = {isa = PBXFileReference; lastKnownFileType = sourcecode.swift; path = LoLBroUITestsLaunchTests.swift; sourceTree = "<group>"; };
		43A2851F2A970346004A1A94 /* ChampNameIDDictionary.swift */ = {isa = PBXFileReference; fileEncoding = 4; lastKnownFileType = sourcecode.swift; path = ChampNameIDDictionary.swift; sourceTree = "<group>"; };
		43A285242A970350004A1A94 /* AbilityFormula.swift */ = {isa = PBXFileReference; fileEncoding = 4; lastKnownFileType = sourcecode.swift; path = AbilityFormula.swift; sourceTree = "<group>"; };
		43A285292A970C1A004A1A94 /* StringCleanup.playground */ = {isa = PBXFileReference; lastKnownFileType = file.playground; path = StringCleanup.playground; sourceTree = "<group>"; xcLanguageSpecificationIdentifier = xcode.lang.swift; };
/* End PBXFileReference section */

/* Begin PBXFrameworksBuildPhase section */
		43A284EB2A97026A004A1A94 /* Frameworks */ = {
			isa = PBXFrameworksBuildPhase;
			buildActionMask = 2147483647;
			files = (
				43A285282A9707DD004A1A94 /* LeagueAPI in Frameworks */,
			);
			runOnlyForDeploymentPostprocessing = 0;
		};
		43A284FB2A97026C004A1A94 /* Frameworks */ = {
			isa = PBXFrameworksBuildPhase;
			buildActionMask = 2147483647;
			files = (
			);
			runOnlyForDeploymentPostprocessing = 0;
		};
		43A285052A97026C004A1A94 /* Frameworks */ = {
			isa = PBXFrameworksBuildPhase;
			buildActionMask = 2147483647;
			files = (
			);
			runOnlyForDeploymentPostprocessing = 0;
		};
/* End PBXFrameworksBuildPhase section */

/* Begin PBXGroup section */
		43A284E52A97026A004A1A94 = {
			isa = PBXGroup;
			children = (
				43A284F02A97026A004A1A94 /* LoLBro */,
				43A285012A97026C004A1A94 /* LoLBroTests */,
				43A2850B2A97026C004A1A94 /* LoLBroUITests */,
				43A284EF2A97026A004A1A94 /* Products */,
			);
			sourceTree = "<group>";
		};
		43A284EF2A97026A004A1A94 /* Products */ = {
			isa = PBXGroup;
			children = (
				43A284EE2A97026A004A1A94 /* LoLBro.app */,
				43A284FE2A97026C004A1A94 /* LoLBroTests.xctest */,
				43A285082A97026C004A1A94 /* LoLBroUITests.xctest */,
			);
			name = Products;
			sourceTree = "<group>";
		};
		43A284F02A97026A004A1A94 /* LoLBro */ = {
			isa = PBXGroup;
			children = (
				43A2851D2A9702EB004A1A94 /* Constants */,
				43A2851B2A9702C8004A1A94 /* Math */,
				43A284F12A97026A004A1A94 /* LoLBroApp.swift */,
				43A284F32A97026A004A1A94 /* ContentView.swift */,
				43A284F52A97026C004A1A94 /* Assets.xcassets */,
				43A284F72A97026C004A1A94 /* Preview Content */,
			);
			path = LoLBro;
			sourceTree = "<group>";
		};
		43A284F72A97026C004A1A94 /* Preview Content */ = {
			isa = PBXGroup;
			children = (
				43A284F82A97026C004A1A94 /* Preview Assets.xcassets */,
			);
			path = "Preview Content";
			sourceTree = "<group>";
		};
		43A285012A97026C004A1A94 /* LoLBroTests */ = {
			isa = PBXGroup;
			children = (
				43A285022A97026C004A1A94 /* LoLBroTests.swift */,
				43A285292A970C1A004A1A94 /* StringCleanup.playground */,
			);
			path = LoLBroTests;
			sourceTree = "<group>";
		};
		43A2850B2A97026C004A1A94 /* LoLBroUITests */ = {
			isa = PBXGroup;
			children = (
				43A2850C2A97026C004A1A94 /* LoLBroUITests.swift */,
				43A2850E2A97026C004A1A94 /* LoLBroUITestsLaunchTests.swift */,
			);
			path = LoLBroUITests;
			sourceTree = "<group>";
		};
		43A2851B2A9702C8004A1A94 /* Math */ = {
			isa = PBXGroup;
			children = (
				43A285242A970350004A1A94 /* AbilityFormula.swift */,
			);
			path = Math;
			sourceTree = "<group>";
		};
		43A2851D2A9702EB004A1A94 /* Constants */ = {
			isa = PBXGroup;
			children = (
				43A2851F2A970346004A1A94 /* ChampNameIDDictionary.swift */,
			);
			path = Constants;
			sourceTree = "<group>";
		};
/* End PBXGroup section */

/* Begin PBXNativeTarget section */
		43A284ED2A97026A004A1A94 /* LoLBro */ = {
			isa = PBXNativeTarget;
			buildConfigurationList = 43A285122A97026C004A1A94 /* Build configuration list for PBXNativeTarget "LoLBro" */;
			buildPhases = (
				43A284EA2A97026A004A1A94 /* Sources */,
				43A284EB2A97026A004A1A94 /* Frameworks */,
				43A284EC2A97026A004A1A94 /* Resources */,
			);
			buildRules = (
			);
			dependencies = (
			);
			name = LoLBro;
			packageProductDependencies = (
				43A285272A9707DD004A1A94 /* LeagueAPI */,
			);
			productName = LoLBro;
			productReference = 43A284EE2A97026A004A1A94 /* LoLBro.app */;
			productType = "com.apple.product-type.application";
		};
		43A284FD2A97026C004A1A94 /* LoLBroTests */ = {
			isa = PBXNativeTarget;
			buildConfigurationList = 43A285152A97026C004A1A94 /* Build configuration list for PBXNativeTarget "LoLBroTests" */;
			buildPhases = (
				43A284FA2A97026C004A1A94 /* Sources */,
				43A284FB2A97026C004A1A94 /* Frameworks */,
				43A284FC2A97026C004A1A94 /* Resources */,
			);
			buildRules = (
			);
			dependencies = (
				43A285002A97026C004A1A94 /* PBXTargetDependency */,
			);
			name = LoLBroTests;
			productName = LoLBroTests;
			productReference = 43A284FE2A97026C004A1A94 /* LoLBroTests.xctest */;
			productType = "com.apple.product-type.bundle.unit-test";
		};
		43A285072A97026C004A1A94 /* LoLBroUITests */ = {
			isa = PBXNativeTarget;
			buildConfigurationList = 43A285182A97026C004A1A94 /* Build configuration list for PBXNativeTarget "LoLBroUITests" */;
			buildPhases = (
				43A285042A97026C004A1A94 /* Sources */,
				43A285052A97026C004A1A94 /* Frameworks */,
				43A285062A97026C004A1A94 /* Resources */,
			);
			buildRules = (
			);
			dependencies = (
				43A2850A2A97026C004A1A94 /* PBXTargetDependency */,
			);
			name = LoLBroUITests;
			productName = LoLBroUITests;
			productReference = 43A285082A97026C004A1A94 /* LoLBroUITests.xctest */;
			productType = "com.apple.product-type.bundle.ui-testing";
		};
/* End PBXNativeTarget section */

/* Begin PBXProject section */
		43A284E62A97026A004A1A94 /* Project object */ = {
			isa = PBXProject;
			attributes = {
				BuildIndependentTargetsInParallel = 1;
				LastSwiftUpdateCheck = 1430;
				LastUpgradeCheck = 1430;
				TargetAttributes = {
					43A284ED2A97026A004A1A94 = {
						CreatedOnToolsVersion = 14.3.1;
					};
					43A284FD2A97026C004A1A94 = {
						CreatedOnToolsVersion = 14.3.1;
						TestTargetID = 43A284ED2A97026A004A1A94;
					};
					43A285072A97026C004A1A94 = {
						CreatedOnToolsVersion = 14.3.1;
						TestTargetID = 43A284ED2A97026A004A1A94;
					};
				};
			};
			buildConfigurationList = 43A284E92A97026A004A1A94 /* Build configuration list for PBXProject "LoLBro" */;
			compatibilityVersion = "Xcode 14.0";
			developmentRegion = en;
			hasScannedForEncodings = 0;
			knownRegions = (
				en,
				Base,
			);
			mainGroup = 43A284E52A97026A004A1A94;
			packageReferences = (
				43A285262A9707DD004A1A94 /* XCRemoteSwiftPackageReference "LeagueAPI" */,
			);
			productRefGroup = 43A284EF2A97026A004A1A94 /* Products */;
			projectDirPath = "";
			projectRoot = "";
			targets = (
				43A284ED2A97026A004A1A94 /* LoLBro */,
				43A284FD2A97026C004A1A94 /* LoLBroTests */,
				43A285072A97026C004A1A94 /* LoLBroUITests */,
			);
		};
/* End PBXProject section */

/* Begin PBXResourcesBuildPhase section */
		43A284EC2A97026A004A1A94 /* Resources */ = {
			isa = PBXResourcesBuildPhase;
			buildActionMask = 2147483647;
			files = (
				43A284F92A97026C004A1A94 /* Preview Assets.xcassets in Resources */,
				43A284F62A97026C004A1A94 /* Assets.xcassets in Resources */,
			);
			runOnlyForDeploymentPostprocessing = 0;
		};
		43A284FC2A97026C004A1A94 /* Resources */ = {
			isa = PBXResourcesBuildPhase;
			buildActionMask = 2147483647;
			files = (
			);
			runOnlyForDeploymentPostprocessing = 0;
		};
		43A285062A97026C004A1A94 /* Resources */ = {
			isa = PBXResourcesBuildPhase;
			buildActionMask = 2147483647;
			files = (
			);
			runOnlyForDeploymentPostprocessing = 0;
		};
/* End PBXResourcesBuildPhase section */

/* Begin PBXSourcesBuildPhase section */
		43A284EA2A97026A004A1A94 /* Sources */ = {
			isa = PBXSourcesBuildPhase;
			buildActionMask = 2147483647;
			files = (
				43A284F42A97026A004A1A94 /* ContentView.swift in Sources */,
				43A284F22A97026A004A1A94 /* LoLBroApp.swift in Sources */,
				43A285222A970346004A1A94 /* ChampNameIDDictionary.swift in Sources */,
				43A285252A970350004A1A94 /* AbilityFormula.swift in Sources */,
			);
			runOnlyForDeploymentPostprocessing = 0;
		};
		43A284FA2A97026C004A1A94 /* Sources */ = {
			isa = PBXSourcesBuildPhase;
			buildActionMask = 2147483647;
			files = (
				43A285032A97026C004A1A94 /* LoLBroTests.swift in Sources */,
			);
			runOnlyForDeploymentPostprocessing = 0;
		};
		43A285042A97026C004A1A94 /* Sources */ = {
			isa = PBXSourcesBuildPhase;
			buildActionMask = 2147483647;
			files = (
				43A2850F2A97026C004A1A94 /* LoLBroUITestsLaunchTests.swift in Sources */,
				43A2850D2A97026C004A1A94 /* LoLBroUITests.swift in Sources */,
			);
			runOnlyForDeploymentPostprocessing = 0;
		};
/* End PBXSourcesBuildPhase section */

/* Begin PBXTargetDependency section */
		43A285002A97026C004A1A94 /* PBXTargetDependency */ = {
			isa = PBXTargetDependency;
			target = 43A284ED2A97026A004A1A94 /* LoLBro */;
			targetProxy = 43A284FF2A97026C004A1A94 /* PBXContainerItemProxy */;
		};
		43A2850A2A97026C004A1A94 /* PBXTargetDependency */ = {
			isa = PBXTargetDependency;
			target = 43A284ED2A97026A004A1A94 /* LoLBro */;
			targetProxy = 43A285092A97026C004A1A94 /* PBXContainerItemProxy */;
		};
/* End PBXTargetDependency section */

/* Begin XCBuildConfiguration section */
		43A285102A97026C004A1A94 /* Debug */ = {
			isa = XCBuildConfiguration;
			buildSettings = {
				ALWAYS_SEARCH_USER_PATHS = NO;
				CLANG_ANALYZER_NONNULL = YES;
				CLANG_ANALYZER_NUMBER_OBJECT_CONVERSION = YES_AGGRESSIVE;
				CLANG_CXX_LANGUAGE_STANDARD = "gnu++20";
				CLANG_ENABLE_MODULES = YES;
				CLANG_ENABLE_OBJC_ARC = YES;
				CLANG_ENABLE_OBJC_WEAK = YES;
				CLANG_WARN_BLOCK_CAPTURE_AUTORELEASING = YES;
				CLANG_WARN_BOOL_CONVERSION = YES;
				CLANG_WARN_COMMA = YES;
				CLANG_WARN_CONSTANT_CONVERSION = YES;
				CLANG_WARN_DEPRECATED_OBJC_IMPLEMENTATIONS = YES;
				CLANG_WARN_DIRECT_OBJC_ISA_USAGE = YES_ERROR;
				CLANG_WARN_DOCUMENTATION_COMMENTS = YES;
				CLANG_WARN_EMPTY_BODY = YES;
				CLANG_WARN_ENUM_CONVERSION = YES;
				CLANG_WARN_INFINITE_RECURSION = YES;
				CLANG_WARN_INT_CONVERSION = YES;
				CLANG_WARN_NON_LITERAL_NULL_CONVERSION = YES;
				CLANG_WARN_OBJC_IMPLICIT_RETAIN_SELF = YES;
				CLANG_WARN_OBJC_LITERAL_CONVERSION = YES;
				CLANG_WARN_OBJC_ROOT_CLASS = YES_ERROR;
				CLANG_WARN_QUOTED_INCLUDE_IN_FRAMEWORK_HEADER = YES;
				CLANG_WARN_RANGE_LOOP_ANALYSIS = YES;
				CLANG_WARN_STRICT_PROTOTYPES = YES;
				CLANG_WARN_SUSPICIOUS_MOVE = YES;
				CLANG_WARN_UNGUARDED_AVAILABILITY = YES_AGGRESSIVE;
				CLANG_WARN_UNREACHABLE_CODE = YES;
				CLANG_WARN__DUPLICATE_METHOD_MATCH = YES;
				COPY_PHASE_STRIP = NO;
				DEBUG_INFORMATION_FORMAT = dwarf;
				ENABLE_STRICT_OBJC_MSGSEND = YES;
				ENABLE_TESTABILITY = YES;
				GCC_C_LANGUAGE_STANDARD = gnu11;
				GCC_DYNAMIC_NO_PIC = NO;
				GCC_NO_COMMON_BLOCKS = YES;
				GCC_OPTIMIZATION_LEVEL = 0;
				GCC_PREPROCESSOR_DEFINITIONS = (
					"DEBUG=1",
					"$(inherited)",
				);
				GCC_WARN_64_TO_32_BIT_CONVERSION = YES;
				GCC_WARN_ABOUT_RETURN_TYPE = YES_ERROR;
				GCC_WARN_UNDECLARED_SELECTOR = YES;
				GCC_WARN_UNINITIALIZED_AUTOS = YES_AGGRESSIVE;
				GCC_WARN_UNUSED_FUNCTION = YES;
				GCC_WARN_UNUSED_VARIABLE = YES;
				IPHONEOS_DEPLOYMENT_TARGET = 16.4;
				MTL_ENABLE_DEBUG_INFO = INCLUDE_SOURCE;
				MTL_FAST_MATH = YES;
				ONLY_ACTIVE_ARCH = YES;
				SDKROOT = iphoneos;
				SWIFT_ACTIVE_COMPILATION_CONDITIONS = DEBUG;
				SWIFT_OPTIMIZATION_LEVEL = "-Onone";
			};
			name = Debug;
		};
		43A285112A97026C004A1A94 /* Release */ = {
			isa = XCBuildConfiguration;
			buildSettings = {
				ALWAYS_SEARCH_USER_PATHS = NO;
				CLANG_ANALYZER_NONNULL = YES;
				CLANG_ANALYZER_NUMBER_OBJECT_CONVERSION = YES_AGGRESSIVE;
				CLANG_CXX_LANGUAGE_STANDARD = "gnu++20";
				CLANG_ENABLE_MODULES = YES;
				CLANG_ENABLE_OBJC_ARC = YES;
				CLANG_ENABLE_OBJC_WEAK = YES;
				CLANG_WARN_BLOCK_CAPTURE_AUTORELEASING = YES;
				CLANG_WARN_BOOL_CONVERSION = YES;
				CLANG_WARN_COMMA = YES;
				CLANG_WARN_CONSTANT_CONVERSION = YES;
				CLANG_WARN_DEPRECATED_OBJC_IMPLEMENTATIONS = YES;
				CLANG_WARN_DIRECT_OBJC_ISA_USAGE = YES_ERROR;
				CLANG_WARN_DOCUMENTATION_COMMENTS = YES;
				CLANG_WARN_EMPTY_BODY = YES;
				CLANG_WARN_ENUM_CONVERSION = YES;
				CLANG_WARN_INFINITE_RECURSION = YES;
				CLANG_WARN_INT_CONVERSION = YES;
				CLANG_WARN_NON_LITERAL_NULL_CONVERSION = YES;
				CLANG_WARN_OBJC_IMPLICIT_RETAIN_SELF = YES;
				CLANG_WARN_OBJC_LITERAL_CONVERSION = YES;
				CLANG_WARN_OBJC_ROOT_CLASS = YES_ERROR;
				CLANG_WARN_QUOTED_INCLUDE_IN_FRAMEWORK_HEADER = YES;
				CLANG_WARN_RANGE_LOOP_ANALYSIS = YES;
				CLANG_WARN_STRICT_PROTOTYPES = YES;
				CLANG_WARN_SUSPICIOUS_MOVE = YES;
				CLANG_WARN_UNGUARDED_AVAILABILITY = YES_AGGRESSIVE;
				CLANG_WARN_UNREACHABLE_CODE = YES;
				CLANG_WARN__DUPLICATE_METHOD_MATCH = YES;
				COPY_PHASE_STRIP = NO;
				DEBUG_INFORMATION_FORMAT = "dwarf-with-dsym";
				ENABLE_NS_ASSERTIONS = NO;
				ENABLE_STRICT_OBJC_MSGSEND = YES;
				GCC_C_LANGUAGE_STANDARD = gnu11;
				GCC_NO_COMMON_BLOCKS = YES;
				GCC_WARN_64_TO_32_BIT_CONVERSION = YES;
				GCC_WARN_ABOUT_RETURN_TYPE = YES_ERROR;
				GCC_WARN_UNDECLARED_SELECTOR = YES;
				GCC_WARN_UNINITIALIZED_AUTOS = YES_AGGRESSIVE;
				GCC_WARN_UNUSED_FUNCTION = YES;
				GCC_WARN_UNUSED_VARIABLE = YES;
				IPHONEOS_DEPLOYMENT_TARGET = 16.4;
				MTL_ENABLE_DEBUG_INFO = NO;
				MTL_FAST_MATH = YES;
				SDKROOT = iphoneos;
				SWIFT_COMPILATION_MODE = wholemodule;
				SWIFT_OPTIMIZATION_LEVEL = "-O";
				VALIDATE_PRODUCT = YES;
			};
			name = Release;
		};
		43A285132A97026C004A1A94 /* Debug */ = {
			isa = XCBuildConfiguration;
			buildSettings = {
				ASSETCATALOG_COMPILER_APPICON_NAME = AppIcon;
				ASSETCATALOG_COMPILER_GLOBAL_ACCENT_COLOR_NAME = AccentColor;
				CODE_SIGN_STYLE = Automatic;
				CURRENT_PROJECT_VERSION = 1;
				DEVELOPMENT_ASSET_PATHS = "\"LoLBro/Preview Content\"";
				DEVELOPMENT_TEAM = 52XLBWBVYR;
				ENABLE_PREVIEWS = YES;
				GENERATE_INFOPLIST_FILE = YES;
				INFOPLIST_KEY_UIApplicationSceneManifest_Generation = YES;
				INFOPLIST_KEY_UIApplicationSupportsIndirectInputEvents = YES;
				INFOPLIST_KEY_UILaunchScreen_Generation = YES;
				INFOPLIST_KEY_UISupportedInterfaceOrientations_iPad = "UIInterfaceOrientationPortrait UIInterfaceOrientationPortraitUpsideDown UIInterfaceOrientationLandscapeLeft UIInterfaceOrientationLandscapeRight";
				INFOPLIST_KEY_UISupportedInterfaceOrientations_iPhone = "UIInterfaceOrientationPortrait UIInterfaceOrientationLandscapeLeft UIInterfaceOrientationLandscapeRight";
				LD_RUNPATH_SEARCH_PATHS = (
					"$(inherited)",
					"@executable_path/Frameworks",
				);
				MARKETING_VERSION = 1.0;
				PRODUCT_BUNDLE_IDENTIFIER = lolbro.LoLBro;
				PRODUCT_NAME = "$(TARGET_NAME)";
				SWIFT_EMIT_LOC_STRINGS = YES;
				SWIFT_VERSION = 5.0;
				TARGETED_DEVICE_FAMILY = "1,2";
			};
			name = Debug;
		};
		43A285142A97026C004A1A94 /* Release */ = {
			isa = XCBuildConfiguration;
			buildSettings = {
				ASSETCATALOG_COMPILER_APPICON_NAME = AppIcon;
				ASSETCATALOG_COMPILER_GLOBAL_ACCENT_COLOR_NAME = AccentColor;
				CODE_SIGN_STYLE = Automatic;
				CURRENT_PROJECT_VERSION = 1;
				DEVELOPMENT_ASSET_PATHS = "\"LoLBro/Preview Content\"";
				DEVELOPMENT_TEAM = 52XLBWBVYR;
				ENABLE_PREVIEWS = YES;
				GENERATE_INFOPLIST_FILE = YES;
				INFOPLIST_KEY_UIApplicationSceneManifest_Generation = YES;
				INFOPLIST_KEY_UIApplicationSupportsIndirectInputEvents = YES;
				INFOPLIST_KEY_UILaunchScreen_Generation = YES;
				INFOPLIST_KEY_UISupportedInterfaceOrientations_iPad = "UIInterfaceOrientationPortrait UIInterfaceOrientationPortraitUpsideDown UIInterfaceOrientationLandscapeLeft UIInterfaceOrientationLandscapeRight";
				INFOPLIST_KEY_UISupportedInterfaceOrientations_iPhone = "UIInterfaceOrientationPortrait UIInterfaceOrientationLandscapeLeft UIInterfaceOrientationLandscapeRight";
				LD_RUNPATH_SEARCH_PATHS = (
					"$(inherited)",
					"@executable_path/Frameworks",
				);
				MARKETING_VERSION = 1.0;
				PRODUCT_BUNDLE_IDENTIFIER = lolbro.LoLBro;
				PRODUCT_NAME = "$(TARGET_NAME)";
				SWIFT_EMIT_LOC_STRINGS = YES;
				SWIFT_VERSION = 5.0;
				TARGETED_DEVICE_FAMILY = "1,2";
			};
			name = Release;
		};
		43A285162A97026C004A1A94 /* Debug */ = {
			isa = XCBuildConfiguration;
			buildSettings = {
				ALWAYS_EMBED_SWIFT_STANDARD_LIBRARIES = YES;
				BUNDLE_LOADER = "$(TEST_HOST)";
				CODE_SIGN_STYLE = Automatic;
				CURRENT_PROJECT_VERSION = 1;
				DEVELOPMENT_TEAM = 52XLBWBVYR;
				GENERATE_INFOPLIST_FILE = YES;
				IPHONEOS_DEPLOYMENT_TARGET = 16.4;
				MARKETING_VERSION = 1.0;
				PRODUCT_BUNDLE_IDENTIFIER = lolbro.LoLBroTests;
				PRODUCT_NAME = "$(TARGET_NAME)";
				SWIFT_EMIT_LOC_STRINGS = NO;
				SWIFT_VERSION = 5.0;
				TARGETED_DEVICE_FAMILY = "1,2";
				TEST_HOST = "$(BUILT_PRODUCTS_DIR)/LoLBro.app/$(BUNDLE_EXECUTABLE_FOLDER_PATH)/LoLBro";
			};
			name = Debug;
		};
		43A285172A97026C004A1A94 /* Release */ = {
			isa = XCBuildConfiguration;
			buildSettings = {
				ALWAYS_EMBED_SWIFT_STANDARD_LIBRARIES = YES;
				BUNDLE_LOADER = "$(TEST_HOST)";
				CODE_SIGN_STYLE = Automatic;
				CURRENT_PROJECT_VERSION = 1;
				DEVELOPMENT_TEAM = 52XLBWBVYR;
				GENERATE_INFOPLIST_FILE = YES;
				IPHONEOS_DEPLOYMENT_TARGET = 16.4;
				MARKETING_VERSION = 1.0;
				PRODUCT_BUNDLE_IDENTIFIER = lolbro.LoLBroTests;
				PRODUCT_NAME = "$(TARGET_NAME)";
				SWIFT_EMIT_LOC_STRINGS = NO;
				SWIFT_VERSION = 5.0;
				TARGETED_DEVICE_FAMILY = "1,2";
				TEST_HOST = "$(BUILT_PRODUCTS_DIR)/LoLBro.app/$(BUNDLE_EXECUTABLE_FOLDER_PATH)/LoLBro";
			};
			name = Release;
		};
		43A285192A97026C004A1A94 /* Debug */ = {
			isa = XCBuildConfiguration;
			buildSettings = {
				ALWAYS_EMBED_SWIFT_STANDARD_LIBRARIES = YES;
				CODE_SIGN_STYLE = Automatic;
				CURRENT_PROJECT_VERSION = 1;
				DEVELOPMENT_TEAM = 52XLBWBVYR;
				GENERATE_INFOPLIST_FILE = YES;
				MARKETING_VERSION = 1.0;
				PRODUCT_BUNDLE_IDENTIFIER = lolbro.LoLBroUITests;
				PRODUCT_NAME = "$(TARGET_NAME)";
				SWIFT_EMIT_LOC_STRINGS = NO;
				SWIFT_VERSION = 5.0;
				TARGETED_DEVICE_FAMILY = "1,2";
				TEST_TARGET_NAME = LoLBro;
			};
			name = Debug;
		};
		43A2851A2A97026C004A1A94 /* Release */ = {
			isa = XCBuildConfiguration;
			buildSettings = {
				ALWAYS_EMBED_SWIFT_STANDARD_LIBRARIES = YES;
				CODE_SIGN_STYLE = Automatic;
				CURRENT_PROJECT_VERSION = 1;
				DEVELOPMENT_TEAM = 52XLBWBVYR;
				GENERATE_INFOPLIST_FILE = YES;
				MARKETING_VERSION = 1.0;
				PRODUCT_BUNDLE_IDENTIFIER = lolbro.LoLBroUITests;
				PRODUCT_NAME = "$(TARGET_NAME)";
				SWIFT_EMIT_LOC_STRINGS = NO;
				SWIFT_VERSION = 5.0;
				TARGETED_DEVICE_FAMILY = "1,2";
				TEST_TARGET_NAME = LoLBro;
			};
			name = Release;
		};
/* End XCBuildConfiguration section */

/* Begin XCConfigurationList section */
		43A284E92A97026A004A1A94 /* Build configuration list for PBXProject "LoLBro" */ = {
			isa = XCConfigurationList;
			buildConfigurations = (
				43A285102A97026C004A1A94 /* Debug */,
				43A285112A97026C004A1A94 /* Release */,
			);
			defaultConfigurationIsVisible = 0;
			defaultConfigurationName = Release;
		};
		43A285122A97026C004A1A94 /* Build configuration list for PBXNativeTarget "LoLBro" */ = {
			isa = XCConfigurationList;
			buildConfigurations = (
				43A285132A97026C004A1A94 /* Debug */,
				43A285142A97026C004A1A94 /* Release */,
			);
			defaultConfigurationIsVisible = 0;
			defaultConfigurationName = Release;
		};
		43A285152A97026C004A1A94 /* Build configuration list for PBXNativeTarget "LoLBroTests" */ = {
			isa = XCConfigurationList;
			buildConfigurations = (
				43A285162A97026C004A1A94 /* Debug */,
				43A285172A97026C004A1A94 /* Release */,
			);
			defaultConfigurationIsVisible = 0;
			defaultConfigurationName = Release;
		};
		43A285182A97026C004A1A94 /* Build configuration list for PBXNativeTarget "LoLBroUITests" */ = {
			isa = XCConfigurationList;
			buildConfigurations = (
				43A285192A97026C004A1A94 /* Debug */,
				43A2851A2A97026C004A1A94 /* Release */,
			);
			defaultConfigurationIsVisible = 0;
			defaultConfigurationName = Release;
		};
/* End XCConfigurationList section */

/* Begin XCRemoteSwiftPackageReference section */
		43A285262A9707DD004A1A94 /* XCRemoteSwiftPackageReference "LeagueAPI" */ = {
			isa = XCRemoteSwiftPackageReference;
			repositoryURL = "https://github.com/Kelmatou/LeagueAPI.git";
			requirement = {
				kind = upToNextMajorVersion;
				minimumVersion = 4.0.0;
			};
		};
/* End XCRemoteSwiftPackageReference section */

/* Begin XCSwiftPackageProductDependency section */
		43A285272A9707DD004A1A94 /* LeagueAPI */ = {
			isa = XCSwiftPackageProductDependency;
			package = 43A285262A9707DD004A1A94 /* XCRemoteSwiftPackageReference "LeagueAPI" */;
			productName = LeagueAPI;
		};
/* End XCSwiftPackageProductDependency section */
	};
	rootObject = 43A284E62A97026A004A1A94 /* Project object */;
}
